
Microsoft Visual Studio Solution File, Format Version 12.00
# Visual Studio 15
VisualStudioVersion = 15.0.27130.2027
MinimumVisualStudioVersion = 10.0.40219.1
Project("{FAE04EC0-301F-11D3-BF4B-00C04F79EFBC}") = "StockMarket", "StockMarket\StockMarket.csproj", "{772D39A2-D435-4293-B77E-8B0F00C5E68D}"
EndProject
Global
	GlobalSection(SolutionConfigurationPlatforms) = preSolution
		Debug|Any CPU = Debug|Any CPU
		Release|Any CPU = Release|Any CPU
	EndGlobalSection
	GlobalSection(ProjectConfigurationPlatforms) = postSolution
		{772D39A2-D435-4293-B77E-8B0F00C5E68D}.Debug|Any CPU.ActiveCfg = Debug|Any CPU
		{772D39A2-D435-4293-B77E-8B0F00C5E68D}.Debug|Any CPU.Build.0 = Debug|Any CPU
		{772D39A2-D435-4293-B77E-8B0F00C5E68D}.Release|Any CPU.ActiveCfg = Release|Any CPU
		{772D39A2-D435-4293-B77E-8B0F00C5E68D}.Release|Any CPU.Build.0 = Release|Any CPU
	EndGlobalSection
	GlobalSection(SolutionProperties) = preSolution
		HideSolutionNode = FALSE
	EndGlobalSection
	GlobalSection(ExtensibilityGlobals) = postSolution
		SolutionGuid = {62978764-E43F-44FB-82DE-C52856F25878}
	EndGlobalSection
EndGlobal
